{
  "platform": {
    "version": "0.9.0"
  },
  "entries": [],
  "controls": [],
  "fonts": [
    {
      "family": "Hanken Grotesk",
      "hash": "813b3f8fa0965405669a89b38e51bbefd95eef6b8e20d1cb2d8c10cce062662f",
      "file": "fonts/HankenGrotesk.ttf",
      "contentType": "font/ttf"
    }
  ]
}