{
  "platform": {
    "version": "0.9.0"
  },
  "entries": [],
  "controls": [],
  "fonts": [
    {
      "family": "Geist",
      "hash": "73894e0448cae90a92b6c2f8732b7bb9acb7b94c418bff559dad4a18e1de9659",
      "file": "fonts/Geist.ttf",
      "contentType": "font/ttf"
    },
    {
      "family": "Geist Mono",
      "hash": "d00e590b8eb3a59acc329b2d044fd143ae935090b7da33199ebee27cc7de8196",
      "file": "fonts/GeistMono.ttf",
      "contentType": "font/ttf"
    }
  ]
}